
Microsoft Visual Studio Solution File, Format Version 12.00
# Visual Studio 15
Project("{FAE04EC0-301F-11D3-BF4B-00C04F79EFBC}") = "VRM10.Tests", "VRM10.Tests.csproj", "{7F9C1308-AD76-2114-5BD6-59F6CEAF8A21}"
EndProject
Project("{FAE04EC0-301F-11D3-BF4B-00C04F79EFBC}") = "UniHumanoid", "UniHumanoid.csproj", "{DD90AE9D-DF26-3661-ABFC-06C582495E44}"
EndProject
Project("{FAE04EC0-301F-11D3-BF4B-00C04F79EFBC}") = "VRM10.Editor", "VRM10.Editor.csproj", "{B47F2C56-EC79-3002-47E4-09251B2F7C81}"
EndProject
Project("{FAE04EC0-301F-11D3-BF4B-00C04F79EFBC}") = "UniGLTF.Editor", "UniGLTF.Editor.csproj", "{B666963D-C97F-238A-950E-901011C24D64}"
EndProject
Project("{FAE04EC0-301F-11D3-BF4B-00C04F79EFBC}") = "UniGLTF", "UniGLTF.csproj", "{D79041C4-14A8-6CF1-BE9C-1DBBF1A631FA}"
EndProject
Project("{FAE04EC0-301F-11D3-BF4B-00C04F79EFBC}") = "FastSpringBone", "FastSpringBone.csproj", "{DA118298-D396-95B9-60AF-28AC580061B5}"
EndProject
Project("{FAE04EC0-301F-11D3-BF4B-00C04F79EFBC}") = "VRM10", "VRM10.csproj", "{AAA332E7-9344-710B-BAC9-AC708F858DF2}"
EndProject
Project("{FAE04EC0-301F-11D3-BF4B-00C04F79EFBC}") = "VRM10.MToon10", "VRM10.MToon10.csproj", "{A65A8F9C-95A3-A539-FA53-2C734AA9EC27}"
EndProject
Project("{FAE04EC0-301F-11D3-BF4B-00C04F79EFBC}") = "UniGLTF.Tests", "UniGLTF.Tests.csproj", "{0892AF75-836B-3285-C9F0-C2AC10D0211D}"
EndProject
Project("{FAE04EC0-301F-11D3-BF4B-00C04F79EFBC}") = "MToon", "MToon.csproj", "{51705299-4C85-6408-2A0B-9DA934D6C13D}"
EndProject
Project("{FAE04EC0-301F-11D3-BF4B-00C04F79EFBC}") = "FastSpringBone10", "FastSpringBone10.csproj", "{BC8BF115-4ECD-859E-8286-851DB4F19150}"
EndProject
Project("{FAE04EC0-301F-11D3-BF4B-00C04F79EFBC}") = "UniVRM.Editor", "UniVRM.Editor.csproj", "{D4C05815-2048-1680-058F-056013C3D2C3}"
EndProject
Project("{FAE04EC0-301F-11D3-BF4B-00C04F79EFBC}") = "VRM", "VRM.csproj", "{E78B1DE4-9429-8C6A-179E-B659EDF5E9DB}"
EndProject
Project("{FAE04EC0-301F-11D3-BF4B-00C04F79EFBC}") = "VrmLib", "VrmLib.csproj", "{5FBCC8B4-D2EF-391C-8C43-C46B38038393}"
EndProject
Project("{FAE04EC0-301F-11D3-BF4B-00C04F79EFBC}") = "VrmLibTests", "VrmLibTests.csproj", "{40C83D6F-CF53-F0A0-E2B7-CB4EDB684FD5}"
EndProject
Project("{FAE04EC0-301F-11D3-BF4B-00C04F79EFBC}") = "MToon.Editor", "MToon.Editor.csproj", "{5E7C1569-7853-A475-3230-4EA32FE03A31}"
EndProject
Project("{FAE04EC0-301F-11D3-BF4B-00C04F79EFBC}") = "UniGLTF.UniUnlit", "UniGLTF.UniUnlit.csproj", "{F631E1F4-F947-CD15-B227-CB30E65A0B5C}"
EndProject
Project("{FAE04EC0-301F-11D3-BF4B-00C04F79EFBC}") = "VRM.Tests", "VRM.Tests.csproj", "{A8D532B7-98EB-E495-6D65-E6280F23C1FA}"
EndProject
Project("{FAE04EC0-301F-11D3-BF4B-00C04F79EFBC}") = "Unity.XR.Interaction.Toolkit.Samples.StarterAssets", "Unity.XR.Interaction.Toolkit.Samples.StarterAssets.csproj", "{51176277-BE53-AB7D-BB07-566AF9B5CC85}"
EndProject
Project("{FAE04EC0-301F-11D3-BF4B-00C04F79EFBC}") = "UniGLTF.UniUnlit.Editor", "UniGLTF.UniUnlit.Editor.csproj", "{C844D1C3-E715-4529-122C-4C053B288F3E}"
EndProject
Project("{FAE04EC0-301F-11D3-BF4B-00C04F79EFBC}") = "UniGLTF.Utils", "UniGLTF.Utils.csproj", "{36B2E8F7-B40F-A876-806E-F6723E8928D8}"
EndProject
Project("{FAE04EC0-301F-11D3-BF4B-00C04F79EFBC}") = "VRM.Samples.Editor.Tests", "VRM.Samples.Editor.Tests.csproj", "{C95350FF-BCEB-4811-6CA2-240689DE2025}"
EndProject
Project("{FAE04EC0-301F-11D3-BF4B-00C04F79EFBC}") = "Unity.XR.Interaction.Toolkit.Samples.StarterAssets.Editor", "Unity.XR.Interaction.Toolkit.Samples.StarterAssets.Editor.csproj", "{90104604-5F4A-5874-9F0E-A948CF0065A7}"
EndProject
Project("{FAE04EC0-301F-11D3-BF4B-00C04F79EFBC}") = "Unity.XR.Interaction.Toolkit.Samples.DeviceSimulator", "Unity.XR.Interaction.Toolkit.Samples.DeviceSimulator.csproj", "{EA72CF20-B680-BCEE-E0E5-4683089679B2}"
EndProject
Project("{FAE04EC0-301F-11D3-BF4B-00C04F79EFBC}") = "VRM10.MToon10.Tests", "VRM10.MToon10.Tests.csproj", "{2FC55054-0263-4201-E264-96FBD8AA938D}"
EndProject
Project("{FAE04EC0-301F-11D3-BF4B-00C04F79EFBC}") = "VRM10.MToon10.Editor", "VRM10.MToon10.Editor.csproj", "{CA2C1B87-D885-F99B-EFA4-DF83BBFEB630}"
EndProject
Project("{FAE04EC0-301F-11D3-BF4B-00C04F79EFBC}") = "UniHumanoid.Editor", "UniHumanoid.Editor.csproj", "{347F2B8A-C2B3-766A-3A59-031D7AD1D3B4}"
EndProject
Project("{FAE04EC0-301F-11D3-BF4B-00C04F79EFBC}") = "UniHumanoid.Editor.Tests", "UniHumanoid.Editor.Tests.csproj", "{CC8EC9D2-25F0-25A4-0931-4E7BC7B3DD1B}"
EndProject
Global
	GlobalSection(SolutionConfigurationPlatforms) = preSolution
		Debug|Any CPU = Debug|Any CPU
		Release|Any CPU = Release|Any CPU
	EndGlobalSection
	GlobalSection(ProjectConfigurationPlatforms) = postSolution
		{7F9C1308-AD76-2114-5BD6-59F6CEAF8A21}.Debug|Any CPU.ActiveCfg = Debug|Any CPU
		{7F9C1308-AD76-2114-5BD6-59F6CEAF8A21}.Debug|Any CPU.Build.0 = Debug|Any CPU
		{7F9C1308-AD76-2114-5BD6-59F6CEAF8A21}.Release|Any CPU.ActiveCfg = Release|Any CPU
		{7F9C1308-AD76-2114-5BD6-59F6CEAF8A21}.Release|Any CPU.Build.0 = Release|Any CPU
		{DD90AE9D-DF26-3661-ABFC-06C582495E44}.Debug|Any CPU.ActiveCfg = Debug|Any CPU
		{DD90AE9D-DF26-3661-ABFC-06C582495E44}.Debug|Any CPU.Build.0 = Debug|Any CPU
		{DD90AE9D-DF26-3661-ABFC-06C582495E44}.Release|Any CPU.ActiveCfg = Release|Any CPU
		{DD90AE9D-DF26-3661-ABFC-06C582495E44}.Release|Any CPU.Build.0 = Release|Any CPU
		{B47F2C56-EC79-3002-47E4-09251B2F7C81}.Debug|Any CPU.ActiveCfg = Debug|Any CPU
		{B47F2C56-EC79-3002-47E4-09251B2F7C81}.Debug|Any CPU.Build.0 = Debug|Any CPU
		{B47F2C56-EC79-3002-47E4-09251B2F7C81}.Release|Any CPU.ActiveCfg = Release|Any CPU
		{B47F2C56-EC79-3002-47E4-09251B2F7C81}.Release|Any CPU.Build.0 = Release|Any CPU
		{B666963D-C97F-238A-950E-901011C24D64}.Debug|Any CPU.ActiveCfg = Debug|Any CPU
		{B666963D-C97F-238A-950E-901011C24D64}.Debug|Any CPU.Build.0 = Debug|Any CPU
		{B666963D-C97F-238A-950E-901011C24D64}.Release|Any CPU.ActiveCfg = Release|Any CPU
		{B666963D-C97F-238A-950E-901011C24D64}.Release|Any CPU.Build.0 = Release|Any CPU
		{D79041C4-14A8-6CF1-BE9C-1DBBF1A631FA}.Debug|Any CPU.ActiveCfg = Debug|Any CPU
		{D79041C4-14A8-6CF1-BE9C-1DBBF1A631FA}.Debug|Any CPU.Build.0 = Debug|Any CPU
		{D79041C4-14A8-6CF1-BE9C-1DBBF1A631FA}.Release|Any CPU.ActiveCfg = Release|Any CPU
		{D79041C4-14A8-6CF1-BE9C-1DBBF1A631FA}.Release|Any CPU.Build.0 = Release|Any CPU
		{DA118298-D396-95B9-60AF-28AC580061B5}.Debug|Any CPU.ActiveCfg = Debug|Any CPU
		{DA118298-D396-95B9-60AF-28AC580061B5}.Debug|Any CPU.Build.0 = Debug|Any CPU
		{DA118298-D396-95B9-60AF-28AC580061B5}.Release|Any CPU.ActiveCfg = Release|Any CPU
		{DA118298-D396-95B9-60AF-28AC580061B5}.Release|Any CPU.Build.0 = Release|Any CPU
		{AAA332E7-9344-710B-BAC9-AC708F858DF2}.Debug|Any CPU.ActiveCfg = Debug|Any CPU
		{AAA332E7-9344-710B-BAC9-AC708F858DF2}.Debug|Any CPU.Build.0 = Debug|Any CPU
		{AAA332E7-9344-710B-BAC9-AC708F858DF2}.Release|Any CPU.ActiveCfg = Release|Any CPU
		{AAA332E7-9344-710B-BAC9-AC708F858DF2}.Release|Any CPU.Build.0 = Release|Any CPU
		{A65A8F9C-95A3-A539-FA53-2C734AA9EC27}.Debug|Any CPU.ActiveCfg = Debug|Any CPU
		{A65A8F9C-95A3-A539-FA53-2C734AA9EC27}.Debug|Any CPU.Build.0 = Debug|Any CPU
		{A65A8F9C-95A3-A539-FA53-2C734AA9EC27}.Release|Any CPU.ActiveCfg = Release|Any CPU
		{A65A8F9C-95A3-A539-FA53-2C734AA9EC27}.Release|Any CPU.Build.0 = Release|Any CPU
		{0892AF75-836B-3285-C9F0-C2AC10D0211D}.Debug|Any CPU.ActiveCfg = Debug|Any CPU
		{0892AF75-836B-3285-C9F0-C2AC10D0211D}.Debug|Any CPU.Build.0 = Debug|Any CPU
		{0892AF75-836B-3285-C9F0-C2AC10D0211D}.Release|Any CPU.ActiveCfg = Release|Any CPU
		{0892AF75-836B-3285-C9F0-C2AC10D0211D}.Release|Any CPU.Build.0 = Release|Any CPU
		{51705299-4C85-6408-2A0B-9DA934D6C13D}.Debug|Any CPU.ActiveCfg = Debug|Any CPU
		{51705299-4C85-6408-2A0B-9DA934D6C13D}.Debug|Any CPU.Build.0 = Debug|Any CPU
		{51705299-4C85-6408-2A0B-9DA934D6C13D}.Release|Any CPU.ActiveCfg = Release|Any CPU
		{51705299-4C85-6408-2A0B-9DA934D6C13D}.Release|Any CPU.Build.0 = Release|Any CPU
		{BC8BF115-4ECD-859E-8286-851DB4F19150}.Debug|Any CPU.ActiveCfg = Debug|Any CPU
		{BC8BF115-4ECD-859E-8286-851DB4F19150}.Debug|Any CPU.Build.0 = Debug|Any CPU
		{BC8BF115-4ECD-859E-8286-851DB4F19150}.Release|Any CPU.ActiveCfg = Release|Any CPU
		{BC8BF115-4ECD-859E-8286-851DB4F19150}.Release|Any CPU.Build.0 = Release|Any CPU
		{D4C05815-2048-1680-058F-056013C3D2C3}.Debug|Any CPU.ActiveCfg = Debug|Any CPU
		{D4C05815-2048-1680-058F-056013C3D2C3}.Debug|Any CPU.Build.0 = Debug|Any CPU
		{D4C05815-2048-1680-058F-056013C3D2C3}.Release|Any CPU.ActiveCfg = Release|Any CPU
		{D4C05815-2048-1680-058F-056013C3D2C3}.Release|Any CPU.Build.0 = Release|Any CPU
		{E78B1DE4-9429-8C6A-179E-B659EDF5E9DB}.Debug|Any CPU.ActiveCfg = Debug|Any CPU
		{E78B1DE4-9429-8C6A-179E-B659EDF5E9DB}.Debug|Any CPU.Build.0 = Debug|Any CPU
		{E78B1DE4-9429-8C6A-179E-B659EDF5E9DB}.Release|Any CPU.ActiveCfg = Release|Any CPU
		{E78B1DE4-9429-8C6A-179E-B659EDF5E9DB}.Release|Any CPU.Build.0 = Release|Any CPU
		{5FBCC8B4-D2EF-391C-8C43-C46B38038393}.Debug|Any CPU.ActiveCfg = Debug|Any CPU
		{5FBCC8B4-D2EF-391C-8C43-C46B38038393}.Debug|Any CPU.Build.0 = Debug|Any CPU
		{5FBCC8B4-D2EF-391C-8C43-C46B38038393}.Release|Any CPU.ActiveCfg = Release|Any CPU
		{5FBCC8B4-D2EF-391C-8C43-C46B38038393}.Release|Any CPU.Build.0 = Release|Any CPU
		{40C83D6F-CF53-F0A0-E2B7-CB4EDB684FD5}.Debug|Any CPU.ActiveCfg = Debug|Any CPU
		{40C83D6F-CF53-F0A0-E2B7-CB4EDB684FD5}.Debug|Any CPU.Build.0 = Debug|Any CPU
		{40C83D6F-CF53-F0A0-E2B7-CB4EDB684FD5}.Release|Any CPU.ActiveCfg = Release|Any CPU
		{40C83D6F-CF53-F0A0-E2B7-CB4EDB684FD5}.Release|Any CPU.Build.0 = Release|Any CPU
		{5E7C1569-7853-A475-3230-4EA32FE03A31}.Debug|Any CPU.ActiveCfg = Debug|Any CPU
		{5E7C1569-7853-A475-3230-4EA32FE03A31}.Debug|Any CPU.Build.0 = Debug|Any CPU
		{5E7C1569-7853-A475-3230-4EA32FE03A31}.Release|Any CPU.ActiveCfg = Release|Any CPU
		{5E7C1569-7853-A475-3230-4EA32FE03A31}.Release|Any CPU.Build.0 = Release|Any CPU
		{F631E1F4-F947-CD15-B227-CB30E65A0B5C}.Debug|Any CPU.ActiveCfg = Debug|Any CPU
		{F631E1F4-F947-CD15-B227-CB30E65A0B5C}.Debug|Any CPU.Build.0 = Debug|Any CPU
		{F631E1F4-F947-CD15-B227-CB30E65A0B5C}.Release|Any CPU.ActiveCfg = Release|Any CPU
		{F631E1F4-F947-CD15-B227-CB30E65A0B5C}.Release|Any CPU.Build.0 = Release|Any CPU
		{A8D532B7-98EB-E495-6D65-E6280F23C1FA}.Debug|Any CPU.ActiveCfg = Debug|Any CPU
		{A8D532B7-98EB-E495-6D65-E6280F23C1FA}.Debug|Any CPU.Build.0 = Debug|Any CPU
		{A8D532B7-98EB-E495-6D65-E6280F23C1FA}.Release|Any CPU.ActiveCfg = Release|Any CPU
		{A8D532B7-98EB-E495-6D65-E6280F23C1FA}.Release|Any CPU.Build.0 = Release|Any CPU
		{51176277-BE53-AB7D-BB07-566AF9B5CC85}.Debug|Any CPU.ActiveCfg = Debug|Any CPU
		{51176277-BE53-AB7D-BB07-566AF9B5CC85}.Debug|Any CPU.Build.0 = Debug|Any CPU
		{51176277-BE53-AB7D-BB07-566AF9B5CC85}.Release|Any CPU.ActiveCfg = Release|Any CPU
		{51176277-BE53-AB7D-BB07-566AF9B5CC85}.Release|Any CPU.Build.0 = Release|Any CPU
		{C844D1C3-E715-4529-122C-4C053B288F3E}.Debug|Any CPU.ActiveCfg = Debug|Any CPU
		{C844D1C3-E715-4529-122C-4C053B288F3E}.Debug|Any CPU.Build.0 = Debug|Any CPU
		{C844D1C3-E715-4529-122C-4C053B288F3E}.Release|Any CPU.ActiveCfg = Release|Any CPU
		{C844D1C3-E715-4529-122C-4C053B288F3E}.Release|Any CPU.Build.0 = Release|Any CPU
		{36B2E8F7-B40F-A876-806E-F6723E8928D8}.Debug|Any CPU.ActiveCfg = Debug|Any CPU
		{36B2E8F7-B40F-A876-806E-F6723E8928D8}.Debug|Any CPU.Build.0 = Debug|Any CPU
		{36B2E8F7-B40F-A876-806E-F6723E8928D8}.Release|Any CPU.ActiveCfg = Release|Any CPU
		{36B2E8F7-B40F-A876-806E-F6723E8928D8}.Release|Any CPU.Build.0 = Release|Any CPU
		{C95350FF-BCEB-4811-6CA2-240689DE2025}.Debug|Any CPU.ActiveCfg = Debug|Any CPU
		{C95350FF-BCEB-4811-6CA2-240689DE2025}.Debug|Any CPU.Build.0 = Debug|Any CPU
		{C95350FF-BCEB-4811-6CA2-240689DE2025}.Release|Any CPU.ActiveCfg = Release|Any CPU
		{C95350FF-BCEB-4811-6CA2-240689DE2025}.Release|Any CPU.Build.0 = Release|Any CPU
		{90104604-5F4A-5874-9F0E-A948CF0065A7}.Debug|Any CPU.ActiveCfg = Debug|Any CPU
		{90104604-5F4A-5874-9F0E-A948CF0065A7}.Debug|Any CPU.Build.0 = Debug|Any CPU
		{90104604-5F4A-5874-9F0E-A948CF0065A7}.Release|Any CPU.ActiveCfg = Release|Any CPU
		{90104604-5F4A-5874-9F0E-A948CF0065A7}.Release|Any CPU.Build.0 = Release|Any CPU
		{EA72CF20-B680-BCEE-E0E5-4683089679B2}.Debug|Any CPU.ActiveCfg = Debug|Any CPU
		{EA72CF20-B680-BCEE-E0E5-4683089679B2}.Debug|Any CPU.Build.0 = Debug|Any CPU
		{EA72CF20-B680-BCEE-E0E5-4683089679B2}.Release|Any CPU.ActiveCfg = Release|Any CPU
		{EA72CF20-B680-BCEE-E0E5-4683089679B2}.Release|Any CPU.Build.0 = Release|Any CPU
		{2FC55054-0263-4201-E264-96FBD8AA938D}.Debug|Any CPU.ActiveCfg = Debug|Any CPU
		{2FC55054-0263-4201-E264-96FBD8AA938D}.Debug|Any CPU.Build.0 = Debug|Any CPU
		{2FC55054-0263-4201-E264-96FBD8AA938D}.Release|Any CPU.ActiveCfg = Release|Any CPU
		{2FC55054-0263-4201-E264-96FBD8AA938D}.Release|Any CPU.Build.0 = Release|Any CPU
		{CA2C1B87-D885-F99B-EFA4-DF83BBFEB630}.Debug|Any CPU.ActiveCfg = Debug|Any CPU
		{CA2C1B87-D885-F99B-EFA4-DF83BBFEB630}.Debug|Any CPU.Build.0 = Debug|Any CPU
		{CA2C1B87-D885-F99B-EFA4-DF83BBFEB630}.Release|Any CPU.ActiveCfg = Release|Any CPU
		{CA2C1B87-D885-F99B-EFA4-DF83BBFEB630}.Release|Any CPU.Build.0 = Release|Any CPU
		{347F2B8A-C2B3-766A-3A59-031D7AD1D3B4}.Debug|Any CPU.ActiveCfg = Debug|Any CPU
		{347F2B8A-C2B3-766A-3A59-031D7AD1D3B4}.Debug|Any CPU.Build.0 = Debug|Any CPU
		{347F2B8A-C2B3-766A-3A59-031D7AD1D3B4}.Release|Any CPU.ActiveCfg = Release|Any CPU
		{347F2B8A-C2B3-766A-3A59-031D7AD1D3B4}.Release|Any CPU.Build.0 = Release|Any CPU
		{CC8EC9D2-25F0-25A4-0931-4E7BC7B3DD1B}.Debug|Any CPU.ActiveCfg = Debug|Any CPU
		{CC8EC9D2-25F0-25A4-0931-4E7BC7B3DD1B}.Debug|Any CPU.Build.0 = Debug|Any CPU
		{CC8EC9D2-25F0-25A4-0931-4E7BC7B3DD1B}.Release|Any CPU.ActiveCfg = Release|Any CPU
		{CC8EC9D2-25F0-25A4-0931-4E7BC7B3DD1B}.Release|Any CPU.Build.0 = Release|Any CPU
	EndGlobalSection
	GlobalSection(SolutionProperties) = preSolution
		HideSolutionNode = FALSE
	EndGlobalSection
EndGlobal
